
Microsoft Visual Studio Solution File, Format Version 12.00
Project("{FAE04EC0-301F-11D3-BF4B-00C04F79EFBC}") = "WireMock", "WireMock\WireMock.csproj", "{9AE8B8D6-BDA1-4EBA-BAE3-3C3E54C4A854}"
EndProject
Project("{FAE04EC0-301F-11D3-BF4B-00C04F79EFBC}") = "WireMock.Test", "WireMock.Test\WireMock.Test.csproj", "{D4167444-A8C1-4A77-BB58-2583B985DA4A}"
EndProject
Project("{2150E333-8FDC-42A3-9474-1A3956D46DE8}") = ".github", ".github", "{CBB53A81-229F-447D-ADB6-8B467EB33657}"
	ProjectSection(SolutionItems) = preProject
		.github\workflows\dotnet.yml = .github\workflows\dotnet.yml
		codecov.yml = codecov.yml
		README.md = README.md
	EndProjectSection
EndProject
Global
	GlobalSection(SolutionConfigurationPlatforms) = preSolution
		Debug|Any CPU = Debug|Any CPU
		Release|Any CPU = Release|Any CPU
	EndGlobalSection
	GlobalSection(ProjectConfigurationPlatforms) = postSolution
		{9AE8B8D6-BDA1-4EBA-BAE3-3C3E54C4A854}.Debug|Any CPU.ActiveCfg = Debug|Any CPU
		{9AE8B8D6-BDA1-4EBA-BAE3-3C3E54C4A854}.Debug|Any CPU.Build.0 = Debug|Any CPU
		{9AE8B8D6-BDA1-4EBA-BAE3-3C3E54C4A854}.Release|Any CPU.ActiveCfg = Release|Any CPU
		{9AE8B8D6-BDA1-4EBA-BAE3-3C3E54C4A854}.Release|Any CPU.Build.0 = Release|Any CPU
		{D4167444-A8C1-4A77-BB58-2583B985DA4A}.Debug|Any CPU.ActiveCfg = Debug|Any CPU
		{D4167444-A8C1-4A77-BB58-2583B985DA4A}.Debug|Any CPU.Build.0 = Debug|Any CPU
		{D4167444-A8C1-4A77-BB58-2583B985DA4A}.Release|Any CPU.ActiveCfg = Release|Any CPU
		{D4167444-A8C1-4A77-BB58-2583B985DA4A}.Release|Any CPU.Build.0 = Release|Any CPU
	EndGlobalSection
EndGlobal
